{
  "name": "marc-record-merge-cli",
  "version": "1.0.0",
  "lockfileVersion": 1,
  "requires": true,
  "dependencies": {
    "@natlibfi/es6-polyfills": {
      "version": "2.0.1",
      "resolved": "https://registry.npmjs.org/@natlibfi/es6-polyfills/-/es6-polyfills-2.0.1.tgz",
      "integrity": "sha1-NyCTRdmgeW3oR0pqr8nvXlR6k34=",
      "requires": {
        "es6-object-assign": "1.1.0",
        "es6-promise-polyfill": "1.2.0"
      }
    },
    "@natlibfi/es6-shims": {
      "version": "2.0.2",
      "resolved": "https://registry.npmjs.org/@natlibfi/es6-shims/-/es6-shims-2.0.2.tgz",
      "integrity": "sha1-C1z365VI/6u6AYR45bcxE62IZ/M="
    },
    "@natlibfi/marc-record-merge": {
      "version": "5.0.0",
      "resolved": "https://registry.npmjs.org/@natlibfi/marc-record-merge/-/marc-record-merge-5.0.0.tgz",
      "integrity": "sha512-pLbN8S+DArNAO96xk8E279MNVIsL3PmWM46Kj8lmzryqptD0lsXBty50TOsuJcJ0XPZNT3PxHzQnk7OZVW0LUg==",
      "requires": {
        "@natlibfi/es6-polyfills": "2.0.1",
        "@natlibfi/es6-shims": "2.0.2",
        "marc-record-js": "0.1.1"
      },
      "dependencies": {
        "marc-record-js": {
          "version": "0.1.1",
          "resolved": "https://registry.npmjs.org/marc-record-js/-/marc-record-js-0.1.1.tgz",
          "integrity": "sha1-XNORdo/BeL/RI60fZddwVsBw4mU="
        }
      }
    },
    "es6-object-assign": {
      "version": "1.1.0",
      "resolved": "https://registry.npmjs.org/es6-object-assign/-/es6-object-assign-1.1.0.tgz",
      "integrity": "sha1-wsNYJlYkfDnqEHyx5mUrb58kUjw="
    },
    "es6-promise-polyfill": {
      "version": "1.2.0",
      "resolved": "https://registry.npmjs.org/es6-promise-polyfill/-/es6-promise-polyfill-1.2.0.tgz",
      "integrity": "sha1-84kl8jyz4+jObNqP93T867sJDN4="
    },
    "marc-record-js": {
      "version": "0.3.2",
      "resolved": "https://registry.npmjs.org/marc-record-js/-/marc-record-js-0.3.2.tgz",
      "integrity": "sha1-ZvR/JeRh3iEDIiir+u44ndILra0="
    }
  }
}
